
Microsoft Visual Studio Solution File, Format Version 11.00
# Visual Studio 2010
Project("{FAE04EC0-301F-11D3-BF4B-00C04F79EFBC}") = "UGD-15-EX2", "Assembly-CSharp.csproj", "{D0CACCD4-B8A1-4DF6-90B3-4B812606B0C2}"
EndProject
Global
	GlobalSection(SolutionConfigurationPlatforms) = preSolution
		Debug|Any CPU = Debug|Any CPU
		Release|Any CPU = Release|Any CPU
	EndGlobalSection
	GlobalSection(ProjectConfigurationPlatforms) = postSolution
		{D0CACCD4-B8A1-4DF6-90B3-4B812606B0C2}.Debug|Any CPU.ActiveCfg = Debug|Any CPU
		{D0CACCD4-B8A1-4DF6-90B3-4B812606B0C2}.Debug|Any CPU.Build.0 = Debug|Any CPU
		{D0CACCD4-B8A1-4DF6-90B3-4B812606B0C2}.Release|Any CPU.ActiveCfg = Release|Any CPU
		{D0CACCD4-B8A1-4DF6-90B3-4B812606B0C2}.Release|Any CPU.Build.0 = Release|Any CPU
	EndGlobalSection
	GlobalSection(SolutionProperties) = preSolution
		HideSolutionNode = FALSE
	EndGlobalSection
	GlobalSection(MonoDevelopProperties) = preSolution
		StartupItem = Assembly-CSharp.csproj
	EndGlobalSection
EndGlobal
